// !$*UTF8*$!
{
	archiveVersion = 1;
	classes = {
	};
	objectVersion = 48;
	objects = {

/* Begin PBXBuildFile section */
		674337F982150400422D0DEE /* Pods_Smack.framework in Frameworks */ = {isa = PBXBuildFile; fileRef = F43972A7A7E7735D3844CA0D /* Pods_Smack.framework */; };
		8322E2ED1F629C6A00A20D07 /* GradientView.swift in Sources */ = {isa = PBXBuildFile; fileRef = 8322E2EC1F629C6A00A20D07 /* GradientView.swift */; };
		8398A6211F61415900B33B31 /* SWRevealViewController.m in Sources */ = {isa = PBXBuildFile; fileRef = 8398A61F1F61415900B33B31 /* SWRevealViewController.m */; };
		839E6CD31F6287E400B105F1 /* ChatVC.swift in Sources */ = {isa = PBXBuildFile; fileRef = 839E6CD21F6287E400B105F1 /* ChatVC.swift */; };
		839E6CD51F62882100B105F1 /* ChannelVC.swift in Sources */ = {isa = PBXBuildFile; fileRef = 839E6CD41F62882100B105F1 /* ChannelVC.swift */; };
		83A5F56C1F5FF80100BB2AB7 /* AppDelegate.swift in Sources */ = {isa = PBXBuildFile; fileRef = 83A5F56B1F5FF80100BB2AB7 /* AppDelegate.swift */; };
		83A5F5711F5FF80200BB2AB7 /* Main.storyboard in Resources */ = {isa = PBXBuildFile; fileRef = 83A5F56F1F5FF80200BB2AB7 /* Main.storyboard */; };
		83A5F5731F5FF80200BB2AB7 /* Assets.xcassets in Resources */ = {isa = PBXBuildFile; fileRef = 83A5F5721F5FF80200BB2AB7 /* Assets.xcassets */; };
		83A5F5761F5FF80200BB2AB7 /* LaunchScreen.storyboard in Resources */ = {isa = PBXBuildFile; fileRef = 83A5F5741F5FF80200BB2AB7 /* LaunchScreen.storyboard */; };
		83C8C29B1F71122F0007175A /* Constants.swift in Sources */ = {isa = PBXBuildFile; fileRef = 83C8C29A1F71122F0007175A /* Constants.swift */; };
		83C8C29D1F711A600007175A /* LoginVC.swift in Sources */ = {isa = PBXBuildFile; fileRef = 83C8C29C1F711A600007175A /* LoginVC.swift */; };
/* End PBXBuildFile section */

/* Begin PBXFileReference section */
		8322E2EC1F629C6A00A20D07 /* GradientView.swift */ = {isa = PBXFileReference; fileEncoding = 4; lastKnownFileType = sourcecode.swift; name = GradientView.swift; path = ewSwift/GradientView.swift; sourceTree = "<group>"; };
		8398A61E1F61415700B33B31 /* Smack-Bridging-Header.h */ = {isa = PBXFileReference; lastKnownFileType = sourcecode.c.h; path = "Smack-Bridging-Header.h"; sourceTree = "<group>"; };
		8398A61F1F61415900B33B31 /* SWRevealViewController.m */ = {isa = PBXFileReference; lastKnownFileType = sourcecode.c.objc; path = SWRevealViewController.m; sourceTree = "<group>"; };
		8398A6201F61415900B33B31 /* SWRevealViewController.h */ = {isa = PBXFileReference; lastKnownFileType = sourcecode.c.h; path = SWRevealViewController.h; sourceTree = "<group>"; };
		839E6CD21F6287E400B105F1 /* ChatVC.swift */ = {isa = PBXFileReference; fileEncoding = 4; lastKnownFileType = sourcecode.swift; name = ChatVC.swift; path = erSwift/ChatVC.swift; sourceTree = "<group>"; };
		839E6CD41F62882100B105F1 /* ChannelVC.swift */ = {isa = PBXFileReference; fileEncoding = 4; lastKnownFileType = sourcecode.swift; name = ChannelVC.swift; path = erSwift/ChannelVC.swift; sourceTree = "<group>"; };
		83A5F5681F5FF80100BB2AB7 /* Smack.app */ = {isa = PBXFileReference; explicitFileType = wrapper.application; includeInIndex = 0; path = Smack.app; sourceTree = BUILT_PRODUCTS_DIR; };
		83A5F56B1F5FF80100BB2AB7 /* AppDelegate.swift */ = {isa = PBXFileReference; lastKnownFileType = sourcecode.swift; path = AppDelegate.swift; sourceTree = "<group>"; };
		83A5F5701F5FF80200BB2AB7 /* Base */ = {isa = PBXFileReference; lastKnownFileType = file.storyboard; name = Base; path = Base.lproj/Main.storyboard; sourceTree = "<group>"; };
		83A5F5721F5FF80200BB2AB7 /* Assets.xcassets */ = {isa = PBXFileReference; lastKnownFileType = folder.assetcatalog; path = Assets.xcassets; sourceTree = "<group>"; };
		83A5F5751F5FF80200BB2AB7 /* Base */ = {isa = PBXFileReference; lastKnownFileType = file.storyboard; name = Base; path = Base.lproj/LaunchScreen.storyboard; sourceTree = "<group>"; };
		83A5F5771F5FF80200BB2AB7 /* Info.plist */ = {isa = PBXFileReference; lastKnownFileType = text.plist.xml; path = Info.plist; sourceTree = "<group>"; };
		83C8C29A1F71122F0007175A /* Constants.swift */ = {isa = PBXFileReference; fileEncoding = 4; lastKnownFileType = sourcecode.swift; name = Constants.swift; path = emplate/Constants.swift; sourceTree = "<group>"; };
		83C8C29C1F711A600007175A /* LoginVC.swift */ = {isa = PBXFileReference; fileEncoding = 4; lastKnownFileType = sourcecode.swift; name = LoginVC.swift; path = erSwift/LoginVC.swift; sourceTree = "<group>"; };
		9D3C09E31EED46C097B014C7 /* Pods-Smack.release.xcconfig */ = {isa = PBXFileReference; includeInIndex = 1; lastKnownFileType = text.xcconfig; name = "Pods-Smack.release.xcconfig"; path = "Pods/Target Support Files/Pods-Smack/Pods-Smack.release.xcconfig"; sourceTree = "<group>"; };
		E3DD497FC581367AACC421B3 /* Pods-Smack.debug.xcconfig */ = {isa = PBXFileReference; includeInIndex = 1; lastKnownFileType = text.xcconfig; name = "Pods-Smack.debug.xcconfig"; path = "Pods/Target Support Files/Pods-Smack/Pods-Smack.debug.xcconfig"; sourceTree = "<group>"; };
		F43972A7A7E7735D3844CA0D /* Pods_Smack.framework */ = {isa = PBXFileReference; explicitFileType = wrapper.framework; includeInIndex = 0; path = Pods_Smack.framework; sourceTree = BUILT_PRODUCTS_DIR; };
/* End PBXFileReference section */

/* Begin PBXFrameworksBuildPhase section */
		83A5F5651F5FF80100BB2AB7 /* Frameworks */ = {
			isa = PBXFrameworksBuildPhase;
			buildActionMask = 2147483647;
			files = (
				674337F982150400422D0DEE /* Pods_Smack.framework in Frameworks */,
			);
			runOnlyForDeploymentPostprocessing = 0;
		};
/* End PBXFrameworksBuildPhase section */

/* Begin PBXGroup section */
		8398A61D1F61406C00B33B31 /* Supporting Files */ = {
			isa = PBXGroup;
			children = (
				8398A61E1F61415700B33B31 /* Smack-Bridging-Header.h */,
				8398A6201F61415900B33B31 /* SWRevealViewController.h */,
				8398A61F1F61415900B33B31 /* SWRevealViewController.m */,
			);
			path = "Supporting Files";
			sourceTree = "<group>";
		};
		839E6CCF1F62874200B105F1 /* Controller */ = {
			isa = PBXGroup;
			children = (
				83C8C29C1F711A600007175A /* LoginVC.swift */,
				839E6CD41F62882100B105F1 /* ChannelVC.swift */,
				839E6CD21F6287E400B105F1 /* ChatVC.swift */,
			);
			path = Controller;
			sourceTree = "<group>";
		};
		839E6CD01F62876D00B105F1 /* View */ = {
			isa = PBXGroup;
			children = (
				8322E2EC1F629C6A00A20D07 /* GradientView.swift */,
			);
			path = View;
			sourceTree = "<group>";
		};
		839E6CD11F62877D00B105F1 /* Model */ = {
			isa = PBXGroup;
			children = (
			);
			path = Model;
			sourceTree = "<group>";
		};
		83A5F55F1F5FF80100BB2AB7 = {
			isa = PBXGroup;
			children = (
				83A5F56A1F5FF80100BB2AB7 /* Smack */,
				83A5F5691F5FF80100BB2AB7 /* Products */,
				A3217600079220CE3A47AC5C /* Pods */,
				AE3F6EB99024A91F6A59BBAA /* Frameworks */,
			);
			sourceTree = "<group>";
		};
		83A5F5691F5FF80100BB2AB7 /* Products */ = {
			isa = PBXGroup;
			children = (
				83A5F5681F5FF80100BB2AB7 /* Smack.app */,
			);
			name = Products;
			sourceTree = "<group>";
		};
		83A5F56A1F5FF80100BB2AB7 /* Smack */ = {
			isa = PBXGroup;
			children = (
				83C8C2991F7111D60007175A /* Utilities */,
				839E6CD11F62877D00B105F1 /* Model */,
				839E6CD01F62876D00B105F1 /* View */,
				839E6CCF1F62874200B105F1 /* Controller */,
				8398A61D1F61406C00B33B31 /* Supporting Files */,
				83A5F56B1F5FF80100BB2AB7 /* AppDelegate.swift */,
				83A5F56F1F5FF80200BB2AB7 /* Main.storyboard */,
				83A5F5721F5FF80200BB2AB7 /* Assets.xcassets */,
				83A5F5741F5FF80200BB2AB7 /* LaunchScreen.storyboard */,
				83A5F5771F5FF80200BB2AB7 /* Info.plist */,
			);
			path = Smack;
			sourceTree = "<group>";
		};
		83C8C2991F7111D60007175A /* Utilities */ = {
			isa = PBXGroup;
			children = (
				83C8C29A1F71122F0007175A /* Constants.swift */,
			);
			path = Utilities;
			sourceTree = "<group>";
		};
		A3217600079220CE3A47AC5C /* Pods */ = {
			isa = PBXGroup;
			children = (
				E3DD497FC581367AACC421B3 /* Pods-Smack.debug.xcconfig */,
				9D3C09E31EED46C097B014C7 /* Pods-Smack.release.xcconfig */,
			);
			name = Pods;
			sourceTree = "<group>";
		};
		AE3F6EB99024A91F6A59BBAA /* Frameworks */ = {
			isa = PBXGroup;
			children = (
				F43972A7A7E7735D3844CA0D /* Pods_Smack.framework */,
			);
			name = Frameworks;
			sourceTree = "<group>";
		};
/* End PBXGroup section */

/* Begin PBXNativeTarget section */
		83A5F5671F5FF80100BB2AB7 /* Smack */ = {
			isa = PBXNativeTarget;
			buildConfigurationList = 83A5F57A1F5FF80200BB2AB7 /* Build configuration list for PBXNativeTarget "Smack" */;
			buildPhases = (
				20859D0B57A9CD11DEF6B0FC /* [CP] Check Pods Manifest.lock */,
				83A5F5641F5FF80100BB2AB7 /* Sources */,
				83A5F5651F5FF80100BB2AB7 /* Frameworks */,
				83A5F5661F5FF80100BB2AB7 /* Resources */,
				E60F521E54A57EDB35417716 /* [CP] Embed Pods Frameworks */,
				CF66849189CADF03FCB088FD /* [CP] Copy Pods Resources */,
			);
			buildRules = (
			);
			dependencies = (
			);
			name = Smack;
			productName = Smack;
			productReference = 83A5F5681F5FF80100BB2AB7 /* Smack.app */;
			productType = "com.apple.product-type.application";
		};
/* End PBXNativeTarget section */

/* Begin PBXProject section */
		83A5F5601F5FF80100BB2AB7 /* Project object */ = {
			isa = PBXProject;
			attributes = {
				LastSwiftUpdateCheck = 0900;
				LastUpgradeCheck = 0900;
				ORGANIZATIONNAME = ICON;
				TargetAttributes = {
					83A5F5671F5FF80100BB2AB7 = {
						CreatedOnToolsVersion = 9.0;
						LastSwiftMigration = 0900;
					};
				};
			};
			buildConfigurationList = 83A5F5631F5FF80100BB2AB7 /* Build configuration list for PBXProject "Smack" */;
			compatibilityVersion = "Xcode 8.0";
			developmentRegion = en;
			hasScannedForEncodings = 0;
			knownRegions = (
				en,
				Base,
			);
			mainGroup = 83A5F55F1F5FF80100BB2AB7;
			productRefGroup = 83A5F5691F5FF80100BB2AB7 /* Products */;
			projectDirPath = "";
			projectRoot = "";
			targets = (
				83A5F5671F5FF80100BB2AB7 /* Smack */,
			);
		};
/* End PBXProject section */

/* Begin PBXResourcesBuildPhase section */
		83A5F5661F5FF80100BB2AB7 /* Resources */ = {
			isa = PBXResourcesBuildPhase;
			buildActionMask = 2147483647;
			files = (
				83A5F5761F5FF80200BB2AB7 /* LaunchScreen.storyboard in Resources */,
				83A5F5731F5FF80200BB2AB7 /* Assets.xcassets in Resources */,
				83A5F5711F5FF80200BB2AB7 /* Main.storyboard in Resources */,
			);
			runOnlyForDeploymentPostprocessing = 0;
		};
/* End PBXResourcesBuildPhase section */

/* Begin PBXShellScriptBuildPhase section */
		20859D0B57A9CD11DEF6B0FC /* [CP] Check Pods Manifest.lock */ = {
			isa = PBXShellScriptBuildPhase;
			buildActionMask = 2147483647;
			files = (
			);
			inputPaths = (
			);
			name = "[CP] Check Pods Manifest.lock";
			outputPaths = (
			);
			runOnlyForDeploymentPostprocessing = 0;
			shellPath = /bin/sh;
			shellScript = "diff \"${PODS_ROOT}/../Podfile.lock\" \"${PODS_ROOT}/Manifest.lock\" > /dev/null\nif [ $? != 0 ] ; then\n    # print error to STDERR\n    echo \"error: The sandbox is not in sync with the Podfile.lock. Run 'pod install' or update your CocoaPods installation.\" >&2\n    exit 1\nfi\n";
			showEnvVarsInLog = 0;
		};
		CF66849189CADF03FCB088FD /* [CP] Copy Pods Resources */ = {
			isa = PBXShellScriptBuildPhase;
			buildActionMask = 2147483647;
			files = (
			);
			inputPaths = (
			);
			name = "[CP] Copy Pods Resources";
			outputPaths = (
			);
			runOnlyForDeploymentPostprocessing = 0;
			shellPath = /bin/sh;
			shellScript = "\"${SRCROOT}/Pods/Target Support Files/Pods-Smack/Pods-Smack-resources.sh\"\n";
			showEnvVarsInLog = 0;
		};
		E60F521E54A57EDB35417716 /* [CP] Embed Pods Frameworks */ = {
			isa = PBXShellScriptBuildPhase;
			buildActionMask = 2147483647;
			files = (
			);
			inputPaths = (
			);
			name = "[CP] Embed Pods Frameworks";
			outputPaths = (
			);
			runOnlyForDeploymentPostprocessing = 0;
			shellPath = /bin/sh;
			shellScript = "\"${SRCROOT}/Pods/Target Support Files/Pods-Smack/Pods-Smack-frameworks.sh\"\n";
			showEnvVarsInLog = 0;
		};
/* End PBXShellScriptBuildPhase section */

/* Begin PBXSourcesBuildPhase section */
		83A5F5641F5FF80100BB2AB7 /* Sources */ = {
			isa = PBXSourcesBuildPhase;
			buildActionMask = 2147483647;
			files = (
				839E6CD31F6287E400B105F1 /* ChatVC.swift in Sources */,
				83A5F56C1F5FF80100BB2AB7 /* AppDelegate.swift in Sources */,
				83C8C29D1F711A600007175A /* LoginVC.swift in Sources */,
				8322E2ED1F629C6A00A20D07 /* GradientView.swift in Sources */,
				8398A6211F61415900B33B31 /* SWRevealViewController.m in Sources */,
				839E6CD51F62882100B105F1 /* ChannelVC.swift in Sources */,
				83C8C29B1F71122F0007175A /* Constants.swift in Sources */,
			);
			runOnlyForDeploymentPostprocessing = 0;
		};
/* End PBXSourcesBuildPhase section */

/* Begin PBXVariantGroup section */
		83A5F56F1F5FF80200BB2AB7 /* Main.storyboard */ = {
			isa = PBXVariantGroup;
			children = (
				83A5F5701F5FF80200BB2AB7 /* Base */,
			);
			name = Main.storyboard;
			sourceTree = "<group>";
		};
		83A5F5741F5FF80200BB2AB7 /* LaunchScreen.storyboard */ = {
			isa = PBXVariantGroup;
			children = (
				83A5F5751F5FF80200BB2AB7 /* Base */,
			);
			name = LaunchScreen.storyboard;
			sourceTree = "<group>";
		};
/* End PBXVariantGroup section */

/* Begin XCBuildConfiguration section */
		83A5F5781F5FF80200BB2AB7 /* Debug */ = {
			isa = XCBuildConfiguration;
			buildSettings = {
				ALWAYS_SEARCH_USER_PATHS = NO;
				CLANG_ANALYZER_NONNULL = YES;
				CLANG_ANALYZER_NUMBER_OBJECT_CONVERSION = YES_AGGRESSIVE;
				CLANG_CXX_LANGUAGE_STANDARD = "gnu++14";
				CLANG_CXX_LIBRARY = "libc++";
				CLANG_ENABLE_MODULES = YES;
				CLANG_ENABLE_OBJC_ARC = YES;
				CLANG_WARN_BLOCK_CAPTURE_AUTORELEASING = YES;
				CLANG_WARN_BOOL_CONVERSION = YES;
				CLANG_WARN_COMMA = YES;
				CLANG_WARN_CONSTANT_CONVERSION = YES;
				CLANG_WARN_DIRECT_OBJC_ISA_USAGE = YES_ERROR;
				CLANG_WARN_DOCUMENTATION_COMMENTS = YES;
				CLANG_WARN_EMPTY_BODY = YES;
				CLANG_WARN_ENUM_CONVERSION = YES;
				CLANG_WARN_INFINITE_RECURSION = YES;
				CLANG_WARN_INT_CONVERSION = YES;
				CLANG_WARN_NON_LITERAL_NULL_CONVERSION = YES;
				CLANG_WARN_OBJC_LITERAL_CONVERSION = YES;
				CLANG_WARN_OBJC_ROOT_CLASS = YES_ERROR;
				CLANG_WARN_RANGE_LOOP_ANALYSIS = YES;
				CLANG_WARN_STRICT_PROTOTYPES = YES;
				CLANG_WARN_SUSPICIOUS_MOVE = YES;
				CLANG_WARN_UNGUARDED_AVAILABILITY = YES_AGGRESSIVE;
				CLANG_WARN_UNREACHABLE_CODE = YES;
				CLANG_WARN__DUPLICATE_METHOD_MATCH = YES;
				CODE_SIGN_IDENTITY = "iPhone Developer";
				COPY_PHASE_STRIP = NO;
				DEBUG_INFORMATION_FORMAT = dwarf;
				ENABLE_STRICT_OBJC_MSGSEND = YES;
				ENABLE_TESTABILITY = YES;
				GCC_C_LANGUAGE_STANDARD = gnu11;
				GCC_DYNAMIC_NO_PIC = NO;
				GCC_NO_COMMON_BLOCKS = YES;
				GCC_OPTIMIZATION_LEVEL = 0;
				GCC_PREPROCESSOR_DEFINITIONS = (
					"DEBUG=1",
					"$(inherited)",
				);
				GCC_WARN_64_TO_32_BIT_CONVERSION = YES;
				GCC_WARN_ABOUT_RETURN_TYPE = YES_ERROR;
				GCC_WARN_UNDECLARED_SELECTOR = YES;
				GCC_WARN_UNINITIALIZED_AUTOS = YES_AGGRESSIVE;
				GCC_WARN_UNUSED_FUNCTION = YES;
				GCC_WARN_UNUSED_VARIABLE = YES;
				IPHONEOS_DEPLOYMENT_TARGET = 11.0;
				MTL_ENABLE_DEBUG_INFO = YES;
				ONLY_ACTIVE_ARCH = YES;
				SDKROOT = iphoneos;
				SWIFT_ACTIVE_COMPILATION_CONDITIONS = DEBUG;
				SWIFT_OPTIMIZATION_LEVEL = "-Onone";
			};
			name = Debug;
		};
		83A5F5791F5FF80200BB2AB7 /* Release */ = {
			isa = XCBuildConfiguration;
			buildSettings = {
				ALWAYS_SEARCH_USER_PATHS = NO;
				CLANG_ANALYZER_NONNULL = YES;
				CLANG_ANALYZER_NUMBER_OBJECT_CONVERSION = YES_AGGRESSIVE;
				CLANG_CXX_LANGUAGE_STANDARD = "gnu++14";
				CLANG_CXX_LIBRARY = "libc++";
				CLANG_ENABLE_MODULES = YES;
				CLANG_ENABLE_OBJC_ARC = YES;
				CLANG_WARN_BLOCK_CAPTURE_AUTORELEASING = YES;
				CLANG_WARN_BOOL_CONVERSION = YES;
				CLANG_WARN_COMMA = YES;
				CLANG_WARN_CONSTANT_CONVERSION = YES;
				CLANG_WARN_DIRECT_OBJC_ISA_USAGE = YES_ERROR;
				CLANG_WARN_DOCUMENTATION_COMMENTS = YES;
				CLANG_WARN_EMPTY_BODY = YES;
				CLANG_WARN_ENUM_CONVERSION = YES;
				CLANG_WARN_INFINITE_RECURSION = YES;
				CLANG_WARN_INT_CONVERSION = YES;
				CLANG_WARN_NON_LITERAL_NULL_CONVERSION = YES;
				CLANG_WARN_OBJC_LITERAL_CONVERSION = YES;
				CLANG_WARN_OBJC_ROOT_CLASS = YES_ERROR;
				CLANG_WARN_RANGE_LOOP_ANALYSIS = YES;
				CLANG_WARN_STRICT_PROTOTYPES = YES;
				CLANG_WARN_SUSPICIOUS_MOVE = YES;
				CLANG_WARN_UNGUARDED_AVAILABILITY = YES_AGGRESSIVE;
				CLANG_WARN_UNREACHABLE_CODE = YES;
				CLANG_WARN__DUPLICATE_METHOD_MATCH = YES;
				CODE_SIGN_IDENTITY = "iPhone Developer";
				COPY_PHASE_STRIP = NO;
				DEBUG_INFORMATION_FORMAT = "dwarf-with-dsym";
				ENABLE_NS_ASSERTIONS = NO;
				ENABLE_STRICT_OBJC_MSGSEND = YES;
				GCC_C_LANGUAGE_STANDARD = gnu11;
				GCC_NO_COMMON_BLOCKS = YES;
				GCC_WARN_64_TO_32_BIT_CONVERSION = YES;
				GCC_WARN_ABOUT_RETURN_TYPE = YES_ERROR;
				GCC_WARN_UNDECLARED_SELECTOR = YES;
				GCC_WARN_UNINITIALIZED_AUTOS = YES_AGGRESSIVE;
				GCC_WARN_UNUSED_FUNCTION = YES;
				GCC_WARN_UNUSED_VARIABLE = YES;
				IPHONEOS_DEPLOYMENT_TARGET = 11.0;
				MTL_ENABLE_DEBUG_INFO = NO;
				SDKROOT = iphoneos;
				SWIFT_OPTIMIZATION_LEVEL = "-Owholemodule";
				VALIDATE_PRODUCT = YES;
			};
			name = Release;
		};
		83A5F57B1F5FF80200BB2AB7 /* Debug */ = {
			isa = XCBuildConfiguration;
			baseConfigurationReference = E3DD497FC581367AACC421B3 /* Pods-Smack.debug.xcconfig */;
			buildSettings = {
				ASSETCATALOG_COMPILER_APPICON_NAME = AppIcon;
				CLANG_ENABLE_MODULES = YES;
				DEVELOPMENT_TEAM = S6A6XH9X3X;
				INFOPLIST_FILE = Smack/Info.plist;
				LD_RUNPATH_SEARCH_PATHS = "$(inherited) @executable_path/Frameworks";
				PRODUCT_BUNDLE_IDENTIFIER = com.icon.Smack;
				PRODUCT_NAME = "$(TARGET_NAME)";
				SWIFT_OBJC_BRIDGING_HEADER = "Smack/Supporting Files/Smack-Bridging-Header.h";
				SWIFT_OPTIMIZATION_LEVEL = "-Onone";
				SWIFT_VERSION = 4.0;
				TARGETED_DEVICE_FAMILY = "1,2";
			};
			name = Debug;
		};
		83A5F57C1F5FF80200BB2AB7 /* Release */ = {
			isa = XCBuildConfiguration;
			baseConfigurationReference = 9D3C09E31EED46C097B014C7 /* Pods-Smack.release.xcconfig */;
			buildSettings = {
				ASSETCATALOG_COMPILER_APPICON_NAME = AppIcon;
				CLANG_ENABLE_MODULES = YES;
				DEVELOPMENT_TEAM = S6A6XH9X3X;
				INFOPLIST_FILE = Smack/Info.plist;
				LD_RUNPATH_SEARCH_PATHS = "$(inherited) @executable_path/Frameworks";
				PRODUCT_BUNDLE_IDENTIFIER = com.icon.Smack;
				PRODUCT_NAME = "$(TARGET_NAME)";
				SWIFT_OBJC_BRIDGING_HEADER = "Smack/Supporting Files/Smack-Bridging-Header.h";
				SWIFT_VERSION = 4.0;
				TARGETED_DEVICE_FAMILY = "1,2";
			};
			name = Release;
		};
/* End XCBuildConfiguration section */

/* Begin XCConfigurationList section */
		83A5F5631F5FF80100BB2AB7 /* Build configuration list for PBXProject "Smack" */ = {
			isa = XCConfigurationList;
			buildConfigurations = (
				83A5F5781F5FF80200BB2AB7 /* Debug */,
				83A5F5791F5FF80200BB2AB7 /* Release */,
			);
			defaultConfigurationIsVisible = 0;
			defaultConfigurationName = Release;
		};
		83A5F57A1F5FF80200BB2AB7 /* Build configuration list for PBXNativeTarget "Smack" */ = {
			isa = XCConfigurationList;
			buildConfigurations = (
				83A5F57B1F5FF80200BB2AB7 /* Debug */,
				83A5F57C1F5FF80200BB2AB7 /* Release */,
			);
			defaultConfigurationIsVisible = 0;
			defaultConfigurationName = Release;
		};
/* End XCConfigurationList section */
	};
	rootObject = 83A5F5601F5FF80100BB2AB7 /* Project object */;
}
